# Hydra Detect — Pinned dependencies (reference resolution)
#
# Resolved from requirements.txt on linux/x86_64, CPython 3.12:
#   pip install --dry-run --ignore-installed --report lock.json -r requirements.txt
#
# NOTE: no build or deploy path consumes this file. The Dockerfile installs
# from requirements.txt against the l4t-pytorch base image (which supplies
# CUDA torch/OpenCV), so on-device versions can differ — regenerate on a
# Jetson for deployment-accurate pins. Platform/GPU wheels (nvidia-*,
# cuda-*, triton) and opencv-python (every install path excludes it in
# favor of the base image's CUDA OpenCV) are omitted.

# Direct dependencies
opencv-python-headless==4.13.0.92
numpy==2.4.6
ultralytics==8.4.63
supervision==0.28.0
pymavlink==2.4.49
pyserial==3.5
mgrs==1.5.4
fastapi==0.136.3
uvicorn==0.49.0
jinja2==3.1.6
requests==2.34.2
ntplib==0.4.0
pytak==7.3.11

# Transitive dependencies (required by direct deps)
annotated-doc==0.0.4
annotated-types==0.7.0
anyio==4.13.0
certifi==2026.5.20
cffi==2.0.0
charset-normalizer==3.4.7
click==8.4.1
contourpy==1.3.3
cryptography==48.0.0
cycler==0.12.1
defusedxml==0.7.1
fastcrc==0.3.6
filelock==3.29.1
fonttools==4.63.0
fsspec==2026.4.0
h11==0.16.0
httptools==0.8.0
idna==3.18
kiwisolver==1.5.0
lxml==6.1.1
MarkupSafe==3.0.3
matplotlib==3.10.9
mpmath==1.3.0
networkx==3.6.1
packaging==26.2
pillow==12.2.0
polars==1.41.2
polars-runtime-32==1.41.2
psutil==7.2.2
pycparser==3.0
pyDeprecate==0.7.0
pydantic==2.13.4
pydantic_core==2.46.4
pyparsing==3.3.2
python-dateutil==2.9.0.post0
python-dotenv==1.2.2
PyYAML==6.0.3
scipy==1.17.1
six==1.17.0
starlette==1.2.1
sympy==1.14.0
torch==2.12.0
torchvision==0.27.0
tqdm==4.68.2
typing-inspection==0.4.2
typing_extensions==4.15.0
ultralytics-thop==2.0.20
urllib3==2.7.0
uvloop==0.22.1
watchfiles==1.2.0
websockets==16.0
